// !$*UTF8*$!
{
	archiveVersion = 1;
	classes = {
	};
	objectVersion = 50;
	objects = {

/* Begin PBXBuildFile section */
		21B0631025AA34A8001C678B /* AppDelegate.swift in Sources */ = {isa = PBXBuildFile; fileRef = 21B0630F25AA34A8001C678B /* AppDelegate.swift */; };
		21B0631225AA34A8001C678B /* SceneDelegate.swift in Sources */ = {isa = PBXBuildFile; fileRef = 21B0631125AA34A8001C678B /* SceneDelegate.swift */; };
		21B0631425AA34A8001C678B /* ViewController.swift in Sources */ = {isa = PBXBuildFile; fileRef = 21B0631325AA34A8001C678B /* ViewController.swift */; };
		21B0631725AA34A8001C678B /* Main.storyboard in Resources */ = {isa = PBXBuildFile; fileRef = 21B0631525AA34A8001C678B /* Main.storyboard */; };
		21B0631925AA34A9001C678B /* Assets.xcassets in Resources */ = {isa = PBXBuildFile; fileRef = 21B0631825AA34A9001C678B /* Assets.xcassets */; };
		21B0631C25AA34A9001C678B /* LaunchScreen.storyboard in Resources */ = {isa = PBXBuildFile; fileRef = 21B0631A25AA34A9001C678B /* LaunchScreen.storyboard */; };
		21B0632725AA34A9001C678B /* somethingTests.swift in Sources */ = {isa = PBXBuildFile; fileRef = 21B0632625AA34A9001C678B /* somethingTests.swift */; };
		21B0633225AA34A9001C678B /* somethingUITests.swift in Sources */ = {isa = PBXBuildFile; fileRef = 21B0633125AA34A9001C678B /* somethingUITests.swift */; };
/* End PBXBuildFile section */

/* Begin PBXContainerItemProxy section */
		21B0632325AA34A9001C678B /* PBXContainerItemProxy */ = {
			isa = PBXContainerItemProxy;
			containerPortal = 21B0630425AA34A8001C678B /* Project object */;
			proxyType = 1;
			remoteGlobalIDString = 21B0630B25AA34A8001C678B;
			remoteInfo = something;
		};
		21B0632E25AA34A9001C678B /* PBXContainerItemProxy */ = {
			isa = PBXContainerItemProxy;
			containerPortal = 21B0630425AA34A8001C678B /* Project object */;
			proxyType = 1;
			remoteGlobalIDString = 21B0630B25AA34A8001C678B;
			remoteInfo = something;
		};
/* End PBXContainerItemProxy section */

/* Begin PBXFileReference section */
		21B0630C25AA34A8001C678B /* something.app */ = {isa = PBXFileReference; explicitFileType = wrapper.application; includeInIndex = 0; path = something.app; sourceTree = BUILT_PRODUCTS_DIR; };
		21B0630F25AA34A8001C678B /* AppDelegate.swift */ = {isa = PBXFileReference; lastKnownFileType = sourcecode.swift; path = AppDelegate.swift; sourceTree = "<group>"; };
		21B0631125AA34A8001C678B /* SceneDelegate.swift */ = {isa = PBXFileReference; lastKnownFileType = sourcecode.swift; path = SceneDelegate.swift; sourceTree = "<group>"; };
		21B0631325AA34A8001C678B /* ViewController.swift */ = {isa = PBXFileReference; lastKnownFileType = sourcecode.swift; path = ViewController.swift; sourceTree = "<group>"; };
		21B0631625AA34A8001C678B /* Base */ = {isa = PBXFileReference; lastKnownFileType = file.storyboard; name = Base; path = Base.lproj/Main.storyboard; sourceTree = "<group>"; };
		21B0631825AA34A9001C678B /* Assets.xcassets */ = {isa = PBXFileReference; lastKnownFileType = folder.assetcatalog; path = Assets.xcassets; sourceTree = "<group>"; };
		21B0631B25AA34A9001C678B /* Base */ = {isa = PBXFileReference; lastKnownFileType = file.storyboard; name = Base; path = Base.lproj/LaunchScreen.storyboard; sourceTree = "<group>"; };
		21B0631D25AA34A9001C678B /* Info.plist */ = {isa = PBXFileReference; lastKnownFileType = text.plist.xml; path = Info.plist; sourceTree = "<group>"; };
		21B0632225AA34A9001C678B /* somethingTests.xctest */ = {isa = PBXFileReference; explicitFileType = wrapper.cfbundle; includeInIndex = 0; path = somethingTests.xctest; sourceTree = BUILT_PRODUCTS_DIR; };
		21B0632625AA34A9001C678B /* somethingTests.swift */ = {isa = PBXFileReference; lastKnownFileType = sourcecode.swift; path = somethingTests.swift; sourceTree = "<group>"; };
		21B0632825AA34A9001C678B /* Info.plist */ = {isa = PBXFileReference; lastKnownFileType = text.plist.xml; path = Info.plist; sourceTree = "<group>"; };
		21B0632D25AA34A9001C678B /* somethingUITests.xctest */ = {isa = PBXFileReference; explicitFileType = wrapper.cfbundle; includeInIndex = 0; path = somethingUITests.xctest; sourceTree = BUILT_PRODUCTS_DIR; };
		21B0633125AA34A9001C678B /* somethingUITests.swift */ = {isa = PBXFileReference; lastKnownFileType = sourcecode.swift; path = somethingUITests.swift; sourceTree = "<group>"; };
		21B0633325AA34A9001C678B /* Info.plist */ = {isa = PBXFileReference; lastKnownFileType = text.plist.xml; path = Info.plist; sourceTree = "<group>"; };
/* End PBXFileReference section */

/* Begin PBXFrameworksBuildPhase section */
		21B0630925AA34A8001C678B /* Frameworks */ = {
			isa = PBXFrameworksBuildPhase;
			buildActionMask = 2147483647;
			files = (
			);
			runOnlyForDeploymentPostprocessing = 0;
		};
		21B0631F25AA34A9001C678B /* Frameworks */ = {
			isa = PBXFrameworksBuildPhase;
			buildActionMask = 2147483647;
			files = (
			);
			runOnlyForDeploymentPostprocessing = 0;
		};
		21B0632A25AA34A9001C678B /* Frameworks */ = {
			isa = PBXFrameworksBuildPhase;
			buildActionMask = 2147483647;
			files = (
			);
			runOnlyForDeploymentPostprocessing = 0;
		};
/* End PBXFrameworksBuildPhase section */

/* Begin PBXGroup section */
		21B0630325AA34A8001C678B = {
			isa = PBXGroup;
			children = (
				21B0630E25AA34A8001C678B /* something */,
				21B0632525AA34A9001C678B /* somethingTests */,
				21B0633025AA34A9001C678B /* somethingUITests */,
				21B0630D25AA34A8001C678B /* Products */,
			);
			sourceTree = "<group>";
		};
		21B0630D25AA34A8001C678B /* Products */ = {
			isa = PBXGroup;
			children = (
				21B0630C25AA34A8001C678B /* something.app */,
				21B0632225AA34A9001C678B /* somethingTests.xctest */,
				21B0632D25AA34A9001C678B /* somethingUITests.xctest */,
			);
			name = Products;
			sourceTree = "<group>";
		};
		21B0630E25AA34A8001C678B /* something */ = {
			isa = PBXGroup;
			children = (
				21B0630F25AA34A8001C678B /* AppDelegate.swift */,
				21B0631125AA34A8001C678B /* SceneDelegate.swift */,
				21B0631325AA34A8001C678B /* ViewController.swift */,
				21B0631525AA34A8001C678B /* Main.storyboard */,
				21B0631825AA34A9001C678B /* Assets.xcassets */,
				21B0631A25AA34A9001C678B /* LaunchScreen.storyboard */,
				21B0631D25AA34A9001C678B /* Info.plist */,
			);
			path = something;
			sourceTree = "<group>";
		};
		21B0632525AA34A9001C678B /* somethingTests */ = {
			isa = PBXGroup;
			children = (
				21B0632625AA34A9001C678B /* somethingTests.swift */,
				21B0632825AA34A9001C678B /* Info.plist */,
			);
			path = somethingTests;
			sourceTree = "<group>";
		};
		21B0633025AA34A9001C678B /* somethingUITests */ = {
			isa = PBXGroup;
			children = (
				21B0633125AA34A9001C678B /* somethingUITests.swift */,
				21B0633325AA34A9001C678B /* Info.plist */,
			);
			path = somethingUITests;
			sourceTree = "<group>";
		};
/* End PBXGroup section */

/* Begin PBXNativeTarget section */
		21B0630B25AA34A8001C678B /* something */ = {
			isa = PBXNativeTarget;
			buildConfigurationList = 21B0633625AA34A9001C678B /* Build configuration list for PBXNativeTarget "something" */;
			buildPhases = (
				21B0630825AA34A8001C678B /* Sources */,
				21B0630925AA34A8001C678B /* Frameworks */,
				21B0630A25AA34A8001C678B /* Resources */,
			);
			buildRules = (
			);
			dependencies = (
			);
			name = something;
			productName = something;
			productReference = 21B0630C25AA34A8001C678B /* something.app */;
			productType = "com.apple.product-type.application";
		};
		21B0632125AA34A9001C678B /* somethingTests */ = {
			isa = PBXNativeTarget;
			buildConfigurationList = 21B0633925AA34A9001C678B /* Build configuration list for PBXNativeTarget "somethingTests" */;
			buildPhases = (
				21B0631E25AA34A9001C678B /* Sources */,
				21B0631F25AA34A9001C678B /* Frameworks */,
				21B0632025AA34A9001C678B /* Resources */,
			);
			buildRules = (
			);
			dependencies = (
				21B0632425AA34A9001C678B /* PBXTargetDependency */,
			);
			name = somethingTests;
			productName = somethingTests;
			productReference = 21B0632225AA34A9001C678B /* somethingTests.xctest */;
			productType = "com.apple.product-type.bundle.unit-test";
		};
		21B0632C25AA34A9001C678B /* somethingUITests */ = {
			isa = PBXNativeTarget;
			buildConfigurationList = 21B0633C25AA34A9001C678B /* Build configuration list for PBXNativeTarget "somethingUITests" */;
			buildPhases = (
				21B0632925AA34A9001C678B /* Sources */,
				21B0632A25AA34A9001C678B /* Frameworks */,
				21B0632B25AA34A9001C678B /* Resources */,
			);
			buildRules = (
			);
			dependencies = (
				21B0632F25AA34A9001C678B /* PBXTargetDependency */,
			);
			name = somethingUITests;
			productName = somethingUITests;
			productReference = 21B0632D25AA34A9001C678B /* somethingUITests.xctest */;
			productType = "com.apple.product-type.bundle.ui-testing";
		};
/* End PBXNativeTarget section */

/* Begin PBXProject section */
		21B0630425AA34A8001C678B /* Project object */ = {
			isa = PBXProject;
			attributes = {
				LastSwiftUpdateCheck = 1230;
				LastUpgradeCheck = 1230;
				TargetAttributes = {
					21B0630B25AA34A8001C678B = {
						CreatedOnToolsVersion = 12.3;
					};
					21B0632125AA34A9001C678B = {
						CreatedOnToolsVersion = 12.3;
						TestTargetID = 21B0630B25AA34A8001C678B;
					};
					21B0632C25AA34A9001C678B = {
						CreatedOnToolsVersion = 12.3;
						TestTargetID = 21B0630B25AA34A8001C678B;
					};
				};
			};
			buildConfigurationList = 21B0630725AA34A8001C678B /* Build configuration list for PBXProject "something" */;
			compatibilityVersion = "Xcode 9.3";
			developmentRegion = en;
			hasScannedForEncodings = 0;
			knownRegions = (
				en,
				Base,
			);
			mainGroup = 21B0630325AA34A8001C678B;
			productRefGroup = 21B0630D25AA34A8001C678B /* Products */;
			projectDirPath = "";
			projectRoot = "";
			targets = (
				21B0630B25AA34A8001C678B /* something */,
				21B0632125AA34A9001C678B /* somethingTests */,
				21B0632C25AA34A9001C678B /* somethingUITests */,
			);
		};
/* End PBXProject section */

/* Begin PBXResourcesBuildPhase section */
		21B0630A25AA34A8001C678B /* Resources */ = {
			isa = PBXResourcesBuildPhase;
			buildActionMask = 2147483647;
			files = (
				21B0631C25AA34A9001C678B /* LaunchScreen.storyboard in Resources */,
				21B0631925AA34A9001C678B /* Assets.xcassets in Resources */,
				21B0631725AA34A8001C678B /* Main.storyboard in Resources */,
			);
			runOnlyForDeploymentPostprocessing = 0;
		};
		21B0632025AA34A9001C678B /* Resources */ = {
			isa = PBXResourcesBuildPhase;
			buildActionMask = 2147483647;
			files = (
			);
			runOnlyForDeploymentPostprocessing = 0;
		};
		21B0632B25AA34A9001C678B /* Resources */ = {
			isa = PBXResourcesBuildPhase;
			buildActionMask = 2147483647;
			files = (
			);
			runOnlyForDeploymentPostprocessing = 0;
		};
/* End PBXResourcesBuildPhase section */

/* Begin PBXSourcesBuildPhase section */
		21B0630825AA34A8001C678B /* Sources */ = {
			isa = PBXSourcesBuildPhase;
			buildActionMask = 2147483647;
			files = (
				21B0631425AA34A8001C678B /* ViewController.swift in Sources */,
				21B0631025AA34A8001C678B /* AppDelegate.swift in Sources */,
				21B0631225AA34A8001C678B /* SceneDelegate.swift in Sources */,
			);
			runOnlyForDeploymentPostprocessing = 0;
		};
		21B0631E25AA34A9001C678B /* Sources */ = {
			isa = PBXSourcesBuildPhase;
			buildActionMask = 2147483647;
			files = (
				21B0632725AA34A9001C678B /* somethingTests.swift in Sources */,
			);
			runOnlyForDeploymentPostprocessing = 0;
		};
		21B0632925AA34A9001C678B /* Sources */ = {
			isa = PBXSourcesBuildPhase;
			buildActionMask = 2147483647;
			files = (
				21B0633225AA34A9001C678B /* somethingUITests.swift in Sources */,
			);
			runOnlyForDeploymentPostprocessing = 0;
		};
/* End PBXSourcesBuildPhase section */

/* Begin PBXTargetDependency section */
		21B0632425AA34A9001C678B /* PBXTargetDependency */ = {
			isa = PBXTargetDependency;
			target = 21B0630B25AA34A8001C678B /* something */;
			targetProxy = 21B0632325AA34A9001C678B /* PBXContainerItemProxy */;
		};
		21B0632F25AA34A9001C678B /* PBXTargetDependency */ = {
			isa = PBXTargetDependency;
			target = 21B0630B25AA34A8001C678B /* something */;
			targetProxy = 21B0632E25AA34A9001C678B /* PBXContainerItemProxy */;
		};
/* End PBXTargetDependency section */

/* Begin PBXVariantGroup section */
		21B0631525AA34A8001C678B /* Main.storyboard */ = {
			isa = PBXVariantGroup;
			children = (
				21B0631625AA34A8001C678B /* Base */,
			);
			name = Main.storyboard;
			sourceTree = "<group>";
		};
		21B0631A25AA34A9001C678B /* LaunchScreen.storyboard */ = {
			isa = PBXVariantGroup;
			children = (
				21B0631B25AA34A9001C678B /* Base */,
			);
			name = LaunchScreen.storyboard;
			sourceTree = "<group>";
		};
/* End PBXVariantGroup section */

/* Begin XCBuildConfiguration section */
		21B0633425AA34A9001C678B /* Debug */ = {
			isa = XCBuildConfiguration;
			buildSettings = {
				ALWAYS_SEARCH_USER_PATHS = NO;
				CLANG_ANALYZER_NONNULL = YES;
				CLANG_ANALYZER_NUMBER_OBJECT_CONVERSION = YES_AGGRESSIVE;
				CLANG_CXX_LANGUAGE_STANDARD = "gnu++14";
				CLANG_CXX_LIBRARY = "libc++";
				CLANG_ENABLE_MODULES = YES;
				CLANG_ENABLE_OBJC_ARC = YES;
				CLANG_ENABLE_OBJC_WEAK = YES;
				CLANG_WARN_BLOCK_CAPTURE_AUTORELEASING = YES;
				CLANG_WARN_BOOL_CONVERSION = YES;
				CLANG_WARN_COMMA = YES;
				CLANG_WARN_CONSTANT_CONVERSION = YES;
				CLANG_WARN_DEPRECATED_OBJC_IMPLEMENTATIONS = YES;
				CLANG_WARN_DIRECT_OBJC_ISA_USAGE = YES_ERROR;
				CLANG_WARN_DOCUMENTATION_COMMENTS = YES;
				CLANG_WARN_EMPTY_BODY = YES;
				CLANG_WARN_ENUM_CONVERSION = YES;
				CLANG_WARN_INFINITE_RECURSION = YES;
				CLANG_WARN_INT_CONVERSION = YES;
				CLANG_WARN_NON_LITERAL_NULL_CONVERSION = YES;
				CLANG_WARN_OBJC_IMPLICIT_RETAIN_SELF = YES;
				CLANG_WARN_OBJC_LITERAL_CONVERSION = YES;
				CLANG_WARN_OBJC_ROOT_CLASS = YES_ERROR;
				CLANG_WARN_QUOTED_INCLUDE_IN_FRAMEWORK_HEADER = YES;
				CLANG_WARN_RANGE_LOOP_ANALYSIS = YES;
				CLANG_WARN_STRICT_PROTOTYPES = YES;
				CLANG_WARN_SUSPICIOUS_MOVE = YES;
				CLANG_WARN_UNGUARDED_AVAILABILITY = YES_AGGRESSIVE;
				CLANG_WARN_UNREACHABLE_CODE = YES;
				CLANG_WARN__DUPLICATE_METHOD_MATCH = YES;
				COPY_PHASE_STRIP = NO;
				DEBUG_INFORMATION_FORMAT = dwarf;
				ENABLE_STRICT_OBJC_MSGSEND = YES;
				ENABLE_TESTABILITY = YES;
				GCC_C_LANGUAGE_STANDARD = gnu11;
				GCC_DYNAMIC_NO_PIC = NO;
				GCC_NO_COMMON_BLOCKS = YES;
				GCC_OPTIMIZATION_LEVEL = 0;
				GCC_PREPROCESSOR_DEFINITIONS = (
					"DEBUG=1",
					"$(inherited)",
				);
				GCC_WARN_64_TO_32_BIT_CONVERSION = YES;
				GCC_WARN_ABOUT_RETURN_TYPE = YES_ERROR;
				GCC_WARN_UNDECLARED_SELECTOR = YES;
				GCC_WARN_UNINITIALIZED_AUTOS = YES_AGGRESSIVE;
				GCC_WARN_UNUSED_FUNCTION = YES;
				GCC_WARN_UNUSED_VARIABLE = YES;
				IPHONEOS_DEPLOYMENT_TARGET = 14.3;
				MTL_ENABLE_DEBUG_INFO = INCLUDE_SOURCE;
				MTL_FAST_MATH = YES;
				ONLY_ACTIVE_ARCH = YES;
				SDKROOT = iphoneos;
				SWIFT_ACTIVE_COMPILATION_CONDITIONS = DEBUG;
				SWIFT_OPTIMIZATION_LEVEL = "-Onone";
			};
			name = Debug;
		};
		21B0633525AA34A9001C678B /* Release */ = {
			isa = XCBuildConfiguration;
			buildSettings = {
				ALWAYS_SEARCH_USER_PATHS = NO;
				CLANG_ANALYZER_NONNULL = YES;
				CLANG_ANALYZER_NUMBER_OBJECT_CONVERSION = YES_AGGRESSIVE;
				CLANG_CXX_LANGUAGE_STANDARD = "gnu++14";
				CLANG_CXX_LIBRARY = "libc++";
				CLANG_ENABLE_MODULES = YES;
				CLANG_ENABLE_OBJC_ARC = YES;
				CLANG_ENABLE_OBJC_WEAK = YES;
				CLANG_WARN_BLOCK_CAPTURE_AUTORELEASING = YES;
				CLANG_WARN_BOOL_CONVERSION = YES;
				CLANG_WARN_COMMA = YES;
				CLANG_WARN_CONSTANT_CONVERSION = YES;
				CLANG_WARN_DEPRECATED_OBJC_IMPLEMENTATIONS = YES;
				CLANG_WARN_DIRECT_OBJC_ISA_USAGE = YES_ERROR;
				CLANG_WARN_DOCUMENTATION_COMMENTS = YES;
				CLANG_WARN_EMPTY_BODY = YES;
				CLANG_WARN_ENUM_CONVERSION = YES;
				CLANG_WARN_INFINITE_RECURSION = YES;
				CLANG_WARN_INT_CONVERSION = YES;
				CLANG_WARN_NON_LITERAL_NULL_CONVERSION = YES;
				CLANG_WARN_OBJC_IMPLICIT_RETAIN_SELF = YES;
				CLANG_WARN_OBJC_LITERAL_CONVERSION = YES;
				CLANG_WARN_OBJC_ROOT_CLASS = YES_ERROR;
				CLANG_WARN_QUOTED_INCLUDE_IN_FRAMEWORK_HEADER = YES;
				CLANG_WARN_RANGE_LOOP_ANALYSIS = YES;
				CLANG_WARN_STRICT_PROTOTYPES = YES;
				CLANG_WARN_SUSPICIOUS_MOVE = YES;
				CLANG_WARN_UNGUARDED_AVAILABILITY = YES_AGGRESSIVE;
				CLANG_WARN_UNREACHABLE_CODE = YES;
				CLANG_WARN__DUPLICATE_METHOD_MATCH = YES;
				COPY_PHASE_STRIP = NO;
				DEBUG_INFORMATION_FORMAT = "dwarf-with-dsym";
				ENABLE_NS_ASSERTIONS = NO;
				ENABLE_STRICT_OBJC_MSGSEND = YES;
				GCC_C_LANGUAGE_STANDARD = gnu11;
				GCC_NO_COMMON_BLOCKS = YES;
				GCC_WARN_64_TO_32_BIT_CONVERSION = YES;
				GCC_WARN_ABOUT_RETURN_TYPE = YES_ERROR;
				GCC_WARN_UNDECLARED_SELECTOR = YES;
				GCC_WARN_UNINITIALIZED_AUTOS = YES_AGGRESSIVE;
				GCC_WARN_UNUSED_FUNCTION = YES;
				GCC_WARN_UNUSED_VARIABLE = YES;
				IPHONEOS_DEPLOYMENT_TARGET = 14.3;
				MTL_ENABLE_DEBUG_INFO = NO;
				MTL_FAST_MATH = YES;
				SDKROOT = iphoneos;
				SWIFT_COMPILATION_MODE = wholemodule;
				SWIFT_OPTIMIZATION_LEVEL = "-O";
				VALIDATE_PRODUCT = YES;
			};
			name = Release;
		};
		21B0633725AA34A9001C678B /* Debug */ = {
			isa = XCBuildConfiguration;
			buildSettings = {
				ASSETCATALOG_COMPILER_APPICON_NAME = AppIcon;
				ASSETCATALOG_COMPILER_GLOBAL_ACCENT_COLOR_NAME = AccentColor;
				CODE_SIGN_STYLE = Automatic;
				DEVELOPMENT_TEAM = 63M62HUVTX;
				INFOPLIST_FILE = something/Info.plist;
				LD_RUNPATH_SEARCH_PATHS = (
					"$(inherited)",
					"@executable_path/Frameworks",
				);
				PRODUCT_BUNDLE_IDENTIFIER = tapjump.something;
				PRODUCT_NAME = "$(TARGET_NAME)";
				SWIFT_VERSION = 5.0;
				TARGETED_DEVICE_FAMILY = "1,2";
			};
			name = Debug;
		};
		21B0633825AA34A9001C678B /* Release */ = {
			isa = XCBuildConfiguration;
			buildSettings = {
				ASSETCATALOG_COMPILER_APPICON_NAME = AppIcon;
				ASSETCATALOG_COMPILER_GLOBAL_ACCENT_COLOR_NAME = AccentColor;
				CODE_SIGN_STYLE = Automatic;
				DEVELOPMENT_TEAM = 63M62HUVTX;
				INFOPLIST_FILE = something/Info.plist;
				LD_RUNPATH_SEARCH_PATHS = (
					"$(inherited)",
					"@executable_path/Frameworks",
				);
				PRODUCT_BUNDLE_IDENTIFIER = tapjump.something;
				PRODUCT_NAME = "$(TARGET_NAME)";
				SWIFT_VERSION = 5.0;
				TARGETED_DEVICE_FAMILY = "1,2";
			};
			name = Release;
		};
		21B0633A25AA34A9001C678B /* Debug */ = {
			isa = XCBuildConfiguration;
			buildSettings = {
				ALWAYS_EMBED_SWIFT_STANDARD_LIBRARIES = YES;
				BUNDLE_LOADER = "$(TEST_HOST)";
				CODE_SIGN_STYLE = Automatic;
				DEVELOPMENT_TEAM = 63M62HUVTX;
				INFOPLIST_FILE = somethingTests/Info.plist;
				IPHONEOS_DEPLOYMENT_TARGET = 14.3;
				LD_RUNPATH_SEARCH_PATHS = (
					"$(inherited)",
					"@executable_path/Frameworks",
					"@loader_path/Frameworks",
				);
				PRODUCT_BUNDLE_IDENTIFIER = tapjump.somethingTests;
				PRODUCT_NAME = "$(TARGET_NAME)";
				SWIFT_VERSION = 5.0;
				TARGETED_DEVICE_FAMILY = "1,2";
				TEST_HOST = "$(BUILT_PRODUCTS_DIR)/something.app/something";
			};
			name = Debug;
		};
		21B0633B25AA34A9001C678B /* Release */ = {
			isa = XCBuildConfiguration;
			buildSettings = {
				ALWAYS_EMBED_SWIFT_STANDARD_LIBRARIES = YES;
				BUNDLE_LOADER = "$(TEST_HOST)";
				CODE_SIGN_STYLE = Automatic;
				DEVELOPMENT_TEAM = 63M62HUVTX;
				INFOPLIST_FILE = somethingTests/Info.plist;
				IPHONEOS_DEPLOYMENT_TARGET = 14.3;
				LD_RUNPATH_SEARCH_PATHS = (
					"$(inherited)",
					"@executable_path/Frameworks",
					"@loader_path/Frameworks",
				);
				PRODUCT_BUNDLE_IDENTIFIER = tapjump.somethingTests;
				PRODUCT_NAME = "$(TARGET_NAME)";
				SWIFT_VERSION = 5.0;
				TARGETED_DEVICE_FAMILY = "1,2";
				TEST_HOST = "$(BUILT_PRODUCTS_DIR)/something.app/something";
			};
			name = Release;
		};
		21B0633D25AA34A9001C678B /* Debug */ = {
			isa = XCBuildConfiguration;
			buildSettings = {
				ALWAYS_EMBED_SWIFT_STANDARD_LIBRARIES = YES;
				CODE_SIGN_STYLE = Automatic;
				DEVELOPMENT_TEAM = 63M62HUVTX;
				INFOPLIST_FILE = somethingUITests/Info.plist;
				LD_RUNPATH_SEARCH_PATHS = (
					"$(inherited)",
					"@executable_path/Frameworks",
					"@loader_path/Frameworks",
				);
				PRODUCT_BUNDLE_IDENTIFIER = tapjump.somethingUITests;
				PRODUCT_NAME = "$(TARGET_NAME)";
				SWIFT_VERSION = 5.0;
				TARGETED_DEVICE_FAMILY = "1,2";
				TEST_TARGET_NAME = something;
			};
			name = Debug;
		};
		21B0633E25AA34A9001C678B /* Release */ = {
			isa = XCBuildConfiguration;
			buildSettings = {
				ALWAYS_EMBED_SWIFT_STANDARD_LIBRARIES = YES;
				CODE_SIGN_STYLE = Automatic;
				DEVELOPMENT_TEAM = 63M62HUVTX;
				INFOPLIST_FILE = somethingUITests/Info.plist;
				LD_RUNPATH_SEARCH_PATHS = (
					"$(inherited)",
					"@executable_path/Frameworks",
					"@loader_path/Frameworks",
				);
				PRODUCT_BUNDLE_IDENTIFIER = tapjump.somethingUITests;
				PRODUCT_NAME = "$(TARGET_NAME)";
				SWIFT_VERSION = 5.0;
				TARGETED_DEVICE_FAMILY = "1,2";
				TEST_TARGET_NAME = something;
			};
			name = Release;
		};
/* End XCBuildConfiguration section */

/* Begin XCConfigurationList section */
		21B0630725AA34A8001C678B /* Build configuration list for PBXProject "something" */ = {
			isa = XCConfigurationList;
			buildConfigurations = (
				21B0633425AA34A9001C678B /* Debug */,
				21B0633525AA34A9001C678B /* Release */,
			);
			defaultConfigurationIsVisible = 0;
			defaultConfigurationName = Release;
		};
		21B0633625AA34A9001C678B /* Build configuration list for PBXNativeTarget "something" */ = {
			isa = XCConfigurationList;
			buildConfigurations = (
				21B0633725AA34A9001C678B /* Debug */,
				21B0633825AA34A9001C678B /* Release */,
			);
			defaultConfigurationIsVisible = 0;
			defaultConfigurationName = Release;
		};
		21B0633925AA34A9001C678B /* Build configuration list for PBXNativeTarget "somethingTests" */ = {
			isa = XCConfigurationList;
			buildConfigurations = (
				21B0633A25AA34A9001C678B /* Debug */,
				21B0633B25AA34A9001C678B /* Release */,
			);
			defaultConfigurationIsVisible = 0;
			defaultConfigurationName = Release;
		};
		21B0633C25AA34A9001C678B /* Build configuration list for PBXNativeTarget "somethingUITests" */ = {
			isa = XCConfigurationList;
			buildConfigurations = (
				21B0633D25AA34A9001C678B /* Debug */,
				21B0633E25AA34A9001C678B /* Release */,
			);
			defaultConfigurationIsVisible = 0;
			defaultConfigurationName = Release;
		};
/* End XCConfigurationList section */
	};
	rootObject = 21B0630425AA34A8001C678B /* Project object */;
}
